
Microsoft Visual Studio Solution File, Format Version 12.00
# Visual Studio Version 17
VisualStudioVersion = 17.1.32210.238
MinimumVisualStudioVersion = 10.0.40219.1
Project("{9A19103F-16F7-4668-BE54-9A1E7A4F7556}") = "Watch List", "Watch List.csproj", "{149106FD-AD68-43B6-8B76-ACB9CC38B6BD}"
EndProject
Project("{2150E333-8FDC-42A3-9474-1A3956D46DE8}") = "Solution Items", "Solution Items", "{3D0B95B3-E970-4A55-AF1D-B301D47B0FDE}"
	ProjectSection(SolutionItems) = preProject
		.editorconfig = .editorconfig
	EndProjectSection
EndProject
Global
	GlobalSection(SolutionConfigurationPlatforms) = preSolution
		Debug|Any CPU = Debug|Any CPU
		Release|Any CPU = Release|Any CPU
	EndGlobalSection
	GlobalSection(ProjectConfigurationPlatforms) = postSolution
		{149106FD-AD68-43B6-8B76-ACB9CC38B6BD}.Debug|Any CPU.ActiveCfg = Debug|Any CPU
		{149106FD-AD68-43B6-8B76-ACB9CC38B6BD}.Debug|Any CPU.Build.0 = Debug|Any CPU
		{149106FD-AD68-43B6-8B76-ACB9CC38B6BD}.Release|Any CPU.ActiveCfg = Release|Any CPU
		{149106FD-AD68-43B6-8B76-ACB9CC38B6BD}.Release|Any CPU.Build.0 = Release|Any CPU
	EndGlobalSection
	GlobalSection(SolutionProperties) = preSolution
		HideSolutionNode = FALSE
	EndGlobalSection
	GlobalSection(ExtensibilityGlobals) = postSolution
		SolutionGuid = {F51F848A-FB88-411F-B303-0C1E6BD3344A}
	EndGlobalSection
EndGlobal
